// !$*UTF8*$!
{
	archiveVersion = 1;
	classes = {
	};
	objectVersion = 51;
	objects = {

/* Begin PBXBuildFile section */
		9038DBE024F8E655007C7BF6 /* AppDelegate.swift in Sources */ = {isa = PBXBuildFile; fileRef = 9038DBDF24F8E655007C7BF6 /* AppDelegate.swift */; };
		9038DBE224F8E655007C7BF6 /* SceneDelegate.swift in Sources */ = {isa = PBXBuildFile; fileRef = 9038DBE124F8E655007C7BF6 /* SceneDelegate.swift */; };
		9038DBE424F8E655007C7BF6 /* ViewController.swift in Sources */ = {isa = PBXBuildFile; fileRef = 9038DBE324F8E655007C7BF6 /* ViewController.swift */; };
		9038DBE724F8E655007C7BF6 /* Main.storyboard in Resources */ = {isa = PBXBuildFile; fileRef = 9038DBE524F8E655007C7BF6 /* Main.storyboard */; };
		9038DBE924F8E65D007C7BF6 /* Assets.xcassets in Resources */ = {isa = PBXBuildFile; fileRef = 9038DBE824F8E65D007C7BF6 /* Assets.xcassets */; };
		9038DBEC24F8E65D007C7BF6 /* LaunchScreen.storyboard in Resources */ = {isa = PBXBuildFile; fileRef = 9038DBEA24F8E65D007C7BF6 /* LaunchScreen.storyboard */; };
		9038DBF624F8E82C007C7BF6 /* PictureApiRequest.swift in Sources */ = {isa = PBXBuildFile; fileRef = 9038DBF524F8E82C007C7BF6 /* PictureApiRequest.swift */; };
		9038DBF924F8E85F007C7BF6 /* PictureApi.swift in Sources */ = {isa = PBXBuildFile; fileRef = 9038DBF824F8E85F007C7BF6 /* PictureApi.swift */; };
		9038DBFB24F8F1A7007C7BF6 /* CustomizeTableViewCell.swift in Sources */ = {isa = PBXBuildFile; fileRef = 9038DBFA24F8F1A7007C7BF6 /* CustomizeTableViewCell.swift */; };
		907D706825027F4600E3FD04 /* DetailViewController.swift in Sources */ = {isa = PBXBuildFile; fileRef = 907D706725027F4600E3FD04 /* DetailViewController.swift */; };
		D3A31119E17540013D8F5F03 /* Pods_pictureApi.framework in Frameworks */ = {isa = PBXBuildFile; fileRef = 075A52AB8AA55A738F28E85D /* Pods_pictureApi.framework */; };
/* End PBXBuildFile section */

/* Begin PBXFileReference section */
		075A52AB8AA55A738F28E85D /* Pods_pictureApi.framework */ = {isa = PBXFileReference; explicitFileType = wrapper.framework; includeInIndex = 0; path = Pods_pictureApi.framework; sourceTree = BUILT_PRODUCTS_DIR; };
		443ECCCF398EECDEA8425BD4 /* Pods-pictureApi.debug.xcconfig */ = {isa = PBXFileReference; includeInIndex = 1; lastKnownFileType = text.xcconfig; name = "Pods-pictureApi.debug.xcconfig"; path = "Target Support Files/Pods-pictureApi/Pods-pictureApi.debug.xcconfig"; sourceTree = "<group>"; };
		9038DBDC24F8E655007C7BF6 /* pictureApi.app */ = {isa = PBXFileReference; explicitFileType = wrapper.application; includeInIndex = 0; path = pictureApi.app; sourceTree = BUILT_PRODUCTS_DIR; };
		9038DBDF24F8E655007C7BF6 /* AppDelegate.swift */ = {isa = PBXFileReference; lastKnownFileType = sourcecode.swift; path = AppDelegate.swift; sourceTree = "<group>"; };
		9038DBE124F8E655007C7BF6 /* SceneDelegate.swift */ = {isa = PBXFileReference; lastKnownFileType = sourcecode.swift; path = SceneDelegate.swift; sourceTree = "<group>"; };
		9038DBE324F8E655007C7BF6 /* ViewController.swift */ = {isa = PBXFileReference; lastKnownFileType = sourcecode.swift; path = ViewController.swift; sourceTree = "<group>"; };
		9038DBE624F8E655007C7BF6 /* Base */ = {isa = PBXFileReference; lastKnownFileType = file.storyboard; name = Base; path = Base.lproj/Main.storyboard; sourceTree = "<group>"; };
		9038DBE824F8E65D007C7BF6 /* Assets.xcassets */ = {isa = PBXFileReference; lastKnownFileType = folder.assetcatalog; path = Assets.xcassets; sourceTree = "<group>"; };
		9038DBEB24F8E65D007C7BF6 /* Base */ = {isa = PBXFileReference; lastKnownFileType = file.storyboard; name = Base; path = Base.lproj/LaunchScreen.storyboard; sourceTree = "<group>"; };
		9038DBED24F8E65D007C7BF6 /* Info.plist */ = {isa = PBXFileReference; lastKnownFileType = text.plist.xml; path = Info.plist; sourceTree = "<group>"; };
		9038DBF524F8E82C007C7BF6 /* PictureApiRequest.swift */ = {isa = PBXFileReference; lastKnownFileType = sourcecode.swift; path = PictureApiRequest.swift; sourceTree = "<group>"; };
		9038DBF824F8E85F007C7BF6 /* PictureApi.swift */ = {isa = PBXFileReference; lastKnownFileType = sourcecode.swift; path = PictureApi.swift; sourceTree = "<group>"; };
		9038DBFA24F8F1A7007C7BF6 /* CustomizeTableViewCell.swift */ = {isa = PBXFileReference; lastKnownFileType = sourcecode.swift; path = CustomizeTableViewCell.swift; sourceTree = "<group>"; };
		907D706725027F4600E3FD04 /* DetailViewController.swift */ = {isa = PBXFileReference; lastKnownFileType = sourcecode.swift; path = DetailViewController.swift; sourceTree = "<group>"; };
		D69D080F600518B3C0C33EB1 /* Pods-pictureApi.release.xcconfig */ = {isa = PBXFileReference; includeInIndex = 1; lastKnownFileType = text.xcconfig; name = "Pods-pictureApi.release.xcconfig"; path = "Target Support Files/Pods-pictureApi/Pods-pictureApi.release.xcconfig"; sourceTree = "<group>"; };
/* End PBXFileReference section */

/* Begin PBXFrameworksBuildPhase section */
		9038DBD924F8E655007C7BF6 /* Frameworks */ = {
			isa = PBXFrameworksBuildPhase;
			buildActionMask = 2147483647;
			files = (
				D3A31119E17540013D8F5F03 /* Pods_pictureApi.framework in Frameworks */,
			);
			runOnlyForDeploymentPostprocessing = 0;
		};
/* End PBXFrameworksBuildPhase section */

/* Begin PBXGroup section */
		043F9565A1758069689CA3AC /* Pods */ = {
			isa = PBXGroup;
			children = (
				443ECCCF398EECDEA8425BD4 /* Pods-pictureApi.debug.xcconfig */,
				D69D080F600518B3C0C33EB1 /* Pods-pictureApi.release.xcconfig */,
			);
			path = Pods;
			sourceTree = "<group>";
		};
		9038DBD324F8E655007C7BF6 = {
			isa = PBXGroup;
			children = (
				9038DBDE24F8E655007C7BF6 /* pictureApi */,
				9038DBDD24F8E655007C7BF6 /* Products */,
				043F9565A1758069689CA3AC /* Pods */,
				B1565CE8407A1206F30DA527 /* Frameworks */,
			);
			sourceTree = "<group>";
		};
		9038DBDD24F8E655007C7BF6 /* Products */ = {
			isa = PBXGroup;
			children = (
				9038DBDC24F8E655007C7BF6 /* pictureApi.app */,
			);
			name = Products;
			sourceTree = "<group>";
		};
		9038DBDE24F8E655007C7BF6 /* pictureApi */ = {
			isa = PBXGroup;
			children = (
				9038DBDF24F8E655007C7BF6 /* AppDelegate.swift */,
				9038DBE124F8E655007C7BF6 /* SceneDelegate.swift */,
				9038DBF724F8E834007C7BF6 /* Model */,
				9038DBF424F8E7F2007C7BF6 /* Controller */,
				9038DBF324F8E7E9007C7BF6 /* View */,
				9038DBE824F8E65D007C7BF6 /* Assets.xcassets */,
				9038DBEA24F8E65D007C7BF6 /* LaunchScreen.storyboard */,
				9038DBED24F8E65D007C7BF6 /* Info.plist */,
			);
			path = pictureApi;
			sourceTree = "<group>";
		};
		9038DBF324F8E7E9007C7BF6 /* View */ = {
			isa = PBXGroup;
			children = (
				9038DBE524F8E655007C7BF6 /* Main.storyboard */,
			);
			path = View;
			sourceTree = "<group>";
		};
		9038DBF424F8E7F2007C7BF6 /* Controller */ = {
			isa = PBXGroup;
			children = (
				9038DBE324F8E655007C7BF6 /* ViewController.swift */,
				907D706725027F4600E3FD04 /* DetailViewController.swift */,
			);
			path = Controller;
			sourceTree = "<group>";
		};
		9038DBF724F8E834007C7BF6 /* Model */ = {
			isa = PBXGroup;
			children = (
				9038DBF524F8E82C007C7BF6 /* PictureApiRequest.swift */,
				9038DBF824F8E85F007C7BF6 /* PictureApi.swift */,
				9038DBFA24F8F1A7007C7BF6 /* CustomizeTableViewCell.swift */,
			);
			path = Model;
			sourceTree = "<group>";
		};
		B1565CE8407A1206F30DA527 /* Frameworks */ = {
			isa = PBXGroup;
			children = (
				075A52AB8AA55A738F28E85D /* Pods_pictureApi.framework */,
			);
			name = Frameworks;
			sourceTree = "<group>";
		};
/* End PBXGroup section */

/* Begin PBXNativeTarget section */
		9038DBDB24F8E655007C7BF6 /* pictureApi */ = {
			isa = PBXNativeTarget;
			buildConfigurationList = 9038DBF024F8E65D007C7BF6 /* Build configuration list for PBXNativeTarget "pictureApi" */;
			buildPhases = (
				DE18516D9F2E687FC9E23DAF /* [CP] Check Pods Manifest.lock */,
				9038DBD824F8E655007C7BF6 /* Sources */,
				9038DBD924F8E655007C7BF6 /* Frameworks */,
				9038DBDA24F8E655007C7BF6 /* Resources */,
				1809D124ABBF8A7A9D798454 /* [CP] Embed Pods Frameworks */,
			);
			buildRules = (
			);
			dependencies = (
			);
			name = pictureApi;
			productName = pictureApi;
			productReference = 9038DBDC24F8E655007C7BF6 /* pictureApi.app */;
			productType = "com.apple.product-type.application";
		};
/* End PBXNativeTarget section */

/* Begin PBXProject section */
		9038DBD424F8E655007C7BF6 /* Project object */ = {
			isa = PBXProject;
			attributes = {
				LastSwiftUpdateCheck = 1130;
				LastUpgradeCheck = 1130;
				ORGANIZATIONNAME = Rukhsar;
				TargetAttributes = {
					9038DBDB24F8E655007C7BF6 = {
						CreatedOnToolsVersion = 11.3.1;
					};
				};
			};
			buildConfigurationList = 9038DBD724F8E655007C7BF6 /* Build configuration list for PBXProject "pictureApi" */;
			compatibilityVersion = "Xcode 9.3";
			developmentRegion = en;
			hasScannedForEncodings = 0;
			knownRegions = (
				en,
				Base,
			);
			mainGroup = 9038DBD324F8E655007C7BF6;
			productRefGroup = 9038DBDD24F8E655007C7BF6 /* Products */;
			projectDirPath = "";
			projectRoot = "";
			targets = (
				9038DBDB24F8E655007C7BF6 /* pictureApi */,
			);
		};
/* End PBXProject section */

/* Begin PBXResourcesBuildPhase section */
		9038DBDA24F8E655007C7BF6 /* Resources */ = {
			isa = PBXResourcesBuildPhase;
			buildActionMask = 2147483647;
			files = (
				9038DBEC24F8E65D007C7BF6 /* LaunchScreen.storyboard in Resources */,
				9038DBE924F8E65D007C7BF6 /* Assets.xcassets in Resources */,
				9038DBE724F8E655007C7BF6 /* Main.storyboard in Resources */,
			);
			runOnlyForDeploymentPostprocessing = 0;
		};
/* End PBXResourcesBuildPhase section */

/* Begin PBXShellScriptBuildPhase section */
		1809D124ABBF8A7A9D798454 /* [CP] Embed Pods Frameworks */ = {
			isa = PBXShellScriptBuildPhase;
			buildActionMask = 2147483647;
			files = (
			);
			inputFileListPaths = (
				"${PODS_ROOT}/Target Support Files/Pods-pictureApi/Pods-pictureApi-frameworks-${CONFIGURATION}-input-files.xcfilelist",
			);
			name = "[CP] Embed Pods Frameworks";
			outputFileListPaths = (
				"${PODS_ROOT}/Target Support Files/Pods-pictureApi/Pods-pictureApi-frameworks-${CONFIGURATION}-output-files.xcfilelist",
			);
			runOnlyForDeploymentPostprocessing = 0;
			shellPath = /bin/sh;
			shellScript = "\"${PODS_ROOT}/Target Support Files/Pods-pictureApi/Pods-pictureApi-frameworks.sh\"\n";
			showEnvVarsInLog = 0;
		};
		DE18516D9F2E687FC9E23DAF /* [CP] Check Pods Manifest.lock */ = {
			isa = PBXShellScriptBuildPhase;
			buildActionMask = 2147483647;
			files = (
			);
			inputFileListPaths = (
			);
			inputPaths = (
				"${PODS_PODFILE_DIR_PATH}/Podfile.lock",
				"${PODS_ROOT}/Manifest.lock",
			);
			name = "[CP] Check Pods Manifest.lock";
			outputFileListPaths = (
			);
			outputPaths = (
				"$(DERIVED_FILE_DIR)/Pods-pictureApi-checkManifestLockResult.txt",
			);
			runOnlyForDeploymentPostprocessing = 0;
			shellPath = /bin/sh;
			shellScript = "diff \"${PODS_PODFILE_DIR_PATH}/Podfile.lock\" \"${PODS_ROOT}/Manifest.lock\" > /dev/null\nif [ $? != 0 ] ; then\n    # print error to STDERR\n    echo \"error: The sandbox is not in sync with the Podfile.lock. Run 'pod install' or update your CocoaPods installation.\" >&2\n    exit 1\nfi\n# This output is used by Xcode 'outputs' to avoid re-running this script phase.\necho \"SUCCESS\" > \"${SCRIPT_OUTPUT_FILE_0}\"\n";
			showEnvVarsInLog = 0;
		};
/* End PBXShellScriptBuildPhase section */

/* Begin PBXSourcesBuildPhase section */
		9038DBD824F8E655007C7BF6 /* Sources */ = {
			isa = PBXSourcesBuildPhase;
			buildActionMask = 2147483647;
			files = (
				9038DBE424F8E655007C7BF6 /* ViewController.swift in Sources */,
				9038DBF624F8E82C007C7BF6 /* PictureApiRequest.swift in Sources */,
				9038DBE024F8E655007C7BF6 /* AppDelegate.swift in Sources */,
				9038DBFB24F8F1A7007C7BF6 /* CustomizeTableViewCell.swift in Sources */,
				9038DBE224F8E655007C7BF6 /* SceneDelegate.swift in Sources */,
				9038DBF924F8E85F007C7BF6 /* PictureApi.swift in Sources */,
				907D706825027F4600E3FD04 /* DetailViewController.swift in Sources */,
			);
			runOnlyForDeploymentPostprocessing = 0;
		};
/* End PBXSourcesBuildPhase section */

/* Begin PBXVariantGroup section */
		9038DBE524F8E655007C7BF6 /* Main.storyboard */ = {
			isa = PBXVariantGroup;
			children = (
				9038DBE624F8E655007C7BF6 /* Base */,
			);
			name = Main.storyboard;
			sourceTree = "<group>";
		};
		9038DBEA24F8E65D007C7BF6 /* LaunchScreen.storyboard */ = {
			isa = PBXVariantGroup;
			children = (
				9038DBEB24F8E65D007C7BF6 /* Base */,
			);
			name = LaunchScreen.storyboard;
			sourceTree = "<group>";
		};
/* End PBXVariantGroup section */

/* Begin XCBuildConfiguration section */
		9038DBEE24F8E65D007C7BF6 /* Debug */ = {
			isa = XCBuildConfiguration;
			buildSettings = {
				ALWAYS_SEARCH_USER_PATHS = NO;
				CLANG_ANALYZER_NONNULL = YES;
				CLANG_ANALYZER_NUMBER_OBJECT_CONVERSION = YES_AGGRESSIVE;
				CLANG_CXX_LANGUAGE_STANDARD = "gnu++14";
				CLANG_CXX_LIBRARY = "libc++";
				CLANG_ENABLE_MODULES = YES;
				CLANG_ENABLE_OBJC_ARC = YES;
				CLANG_ENABLE_OBJC_WEAK = YES;
				CLANG_WARN_BLOCK_CAPTURE_AUTORELEASING = YES;
				CLANG_WARN_BOOL_CONVERSION = YES;
				CLANG_WARN_COMMA = YES;
				CLANG_WARN_CONSTANT_CONVERSION = YES;
				CLANG_WARN_DEPRECATED_OBJC_IMPLEMENTATIONS = YES;
				CLANG_WARN_DIRECT_OBJC_ISA_USAGE = YES_ERROR;
				CLANG_WARN_DOCUMENTATION_COMMENTS = YES;
				CLANG_WARN_EMPTY_BODY = YES;
				CLANG_WARN_ENUM_CONVERSION = YES;
				CLANG_WARN_INFINITE_RECURSION = YES;
				CLANG_WARN_INT_CONVERSION = YES;
				CLANG_WARN_NON_LITERAL_NULL_CONVERSION = YES;
				CLANG_WARN_OBJC_IMPLICIT_RETAIN_SELF = YES;
				CLANG_WARN_OBJC_LITERAL_CONVERSION = YES;
				CLANG_WARN_OBJC_ROOT_CLASS = YES_ERROR;
				CLANG_WARN_RANGE_LOOP_ANALYSIS = YES;
				CLANG_WARN_STRICT_PROTOTYPES = YES;
				CLANG_WARN_SUSPICIOUS_MOVE = YES;
				CLANG_WARN_UNGUARDED_AVAILABILITY = YES_AGGRESSIVE;
				CLANG_WARN_UNREACHABLE_CODE = YES;
				CLANG_WARN__DUPLICATE_METHOD_MATCH = YES;
				COPY_PHASE_STRIP = NO;
				DEBUG_INFORMATION_FORMAT = dwarf;
				ENABLE_STRICT_OBJC_MSGSEND = YES;
				ENABLE_TESTABILITY = YES;
				GCC_C_LANGUAGE_STANDARD = gnu11;
				GCC_DYNAMIC_NO_PIC = NO;
				GCC_NO_COMMON_BLOCKS = YES;
				GCC_OPTIMIZATION_LEVEL = 0;
				GCC_PREPROCESSOR_DEFINITIONS = (
					"DEBUG=1",
					"$(inherited)",
				);
				GCC_WARN_64_TO_32_BIT_CONVERSION = YES;
				GCC_WARN_ABOUT_RETURN_TYPE = YES_ERROR;
				GCC_WARN_UNDECLARED_SELECTOR = YES;
				GCC_WARN_UNINITIALIZED_AUTOS = YES_AGGRESSIVE;
				GCC_WARN_UNUSED_FUNCTION = YES;
				GCC_WARN_UNUSED_VARIABLE = YES;
				IPHONEOS_DEPLOYMENT_TARGET = 13.2;
				MTL_ENABLE_DEBUG_INFO = INCLUDE_SOURCE;
				MTL_FAST_MATH = YES;
				ONLY_ACTIVE_ARCH = YES;
				SDKROOT = iphoneos;
				SWIFT_ACTIVE_COMPILATION_CONDITIONS = DEBUG;
				SWIFT_OPTIMIZATION_LEVEL = "-Onone";
			};
			name = Debug;
		};
		9038DBEF24F8E65D007C7BF6 /* Release */ = {
			isa = XCBuildConfiguration;
			buildSettings = {
				ALWAYS_SEARCH_USER_PATHS = NO;
				CLANG_ANALYZER_NONNULL = YES;
				CLANG_ANALYZER_NUMBER_OBJECT_CONVERSION = YES_AGGRESSIVE;
				CLANG_CXX_LANGUAGE_STANDARD = "gnu++14";
				CLANG_CXX_LIBRARY = "libc++";
				CLANG_ENABLE_MODULES = YES;
				CLANG_ENABLE_OBJC_ARC = YES;
				CLANG_ENABLE_OBJC_WEAK = YES;
				CLANG_WARN_BLOCK_CAPTURE_AUTORELEASING = YES;
				CLANG_WARN_BOOL_CONVERSION = YES;
				CLANG_WARN_COMMA = YES;
				CLANG_WARN_CONSTANT_CONVERSION = YES;
				CLANG_WARN_DEPRECATED_OBJC_IMPLEMENTATIONS = YES;
				CLANG_WARN_DIRECT_OBJC_ISA_USAGE = YES_ERROR;
				CLANG_WARN_DOCUMENTATION_COMMENTS = YES;
				CLANG_WARN_EMPTY_BODY = YES;
				CLANG_WARN_ENUM_CONVERSION = YES;
				CLANG_WARN_INFINITE_RECURSION = YES;
				CLANG_WARN_INT_CONVERSION = YES;
				CLANG_WARN_NON_LITERAL_NULL_CONVERSION = YES;
				CLANG_WARN_OBJC_IMPLICIT_RETAIN_SELF = YES;
				CLANG_WARN_OBJC_LITERAL_CONVERSION = YES;
				CLANG_WARN_OBJC_ROOT_CLASS = YES_ERROR;
				CLANG_WARN_RANGE_LOOP_ANALYSIS = YES;
				CLANG_WARN_STRICT_PROTOTYPES = YES;
				CLANG_WARN_SUSPICIOUS_MOVE = YES;
				CLANG_WARN_UNGUARDED_AVAILABILITY = YES_AGGRESSIVE;
				CLANG_WARN_UNREACHABLE_CODE = YES;
				CLANG_WARN__DUPLICATE_METHOD_MATCH = YES;
				COPY_PHASE_STRIP = NO;
				DEBUG_INFORMATION_FORMAT = "dwarf-with-dsym";
				ENABLE_NS_ASSERTIONS = NO;
				ENABLE_STRICT_OBJC_MSGSEND = YES;
				GCC_C_LANGUAGE_STANDARD = gnu11;
				GCC_NO_COMMON_BLOCKS = YES;
				GCC_WARN_64_TO_32_BIT_CONVERSION = YES;
				GCC_WARN_ABOUT_RETURN_TYPE = YES_ERROR;
				GCC_WARN_UNDECLARED_SELECTOR = YES;
				GCC_WARN_UNINITIALIZED_AUTOS = YES_AGGRESSIVE;
				GCC_WARN_UNUSED_FUNCTION = YES;
				GCC_WARN_UNUSED_VARIABLE = YES;
				IPHONEOS_DEPLOYMENT_TARGET = 13.2;
				MTL_ENABLE_DEBUG_INFO = NO;
				MTL_FAST_MATH = YES;
				SDKROOT = iphoneos;
				SWIFT_COMPILATION_MODE = wholemodule;
				SWIFT_OPTIMIZATION_LEVEL = "-O";
				VALIDATE_PRODUCT = YES;
			};
			name = Release;
		};
		9038DBF124F8E65D007C7BF6 /* Debug */ = {
			isa = XCBuildConfiguration;
			baseConfigurationReference = 443ECCCF398EECDEA8425BD4 /* Pods-pictureApi.debug.xcconfig */;
			buildSettings = {
				ASSETCATALOG_COMPILER_APPICON_NAME = AppIcon;
				CODE_SIGN_STYLE = Automatic;
				DEVELOPMENT_TEAM = 93SU3LG259;
				INFOPLIST_FILE = pictureApi/Info.plist;
				LD_RUNPATH_SEARCH_PATHS = (
					"$(inherited)",
					"@executable_path/Frameworks",
				);
				PRODUCT_BUNDLE_IDENTIFIER = example11.pictureApi;
				PRODUCT_NAME = "$(TARGET_NAME)";
				SWIFT_VERSION = 5.0;
				TARGETED_DEVICE_FAMILY = "1,2";
			};
			name = Debug;
		};
		9038DBF224F8E65D007C7BF6 /* Release */ = {
			isa = XCBuildConfiguration;
			baseConfigurationReference = D69D080F600518B3C0C33EB1 /* Pods-pictureApi.release.xcconfig */;
			buildSettings = {
				ASSETCATALOG_COMPILER_APPICON_NAME = AppIcon;
				CODE_SIGN_STYLE = Automatic;
				DEVELOPMENT_TEAM = 93SU3LG259;
				INFOPLIST_FILE = pictureApi/Info.plist;
				LD_RUNPATH_SEARCH_PATHS = (
					"$(inherited)",
					"@executable_path/Frameworks",
				);
				PRODUCT_BUNDLE_IDENTIFIER = example11.pictureApi;
				PRODUCT_NAME = "$(TARGET_NAME)";
				SWIFT_VERSION = 5.0;
				TARGETED_DEVICE_FAMILY = "1,2";
			};
			name = Release;
		};
/* End XCBuildConfiguration section */

/* Begin XCConfigurationList section */
		9038DBD724F8E655007C7BF6 /* Build configuration list for PBXProject "pictureApi" */ = {
			isa = XCConfigurationList;
			buildConfigurations = (
				9038DBEE24F8E65D007C7BF6 /* Debug */,
				9038DBEF24F8E65D007C7BF6 /* Release */,
			);
			defaultConfigurationIsVisible = 0;
			defaultConfigurationName = Release;
		};
		9038DBF024F8E65D007C7BF6 /* Build configuration list for PBXNativeTarget "pictureApi" */ = {
			isa = XCConfigurationList;
			buildConfigurations = (
				9038DBF124F8E65D007C7BF6 /* Debug */,
				9038DBF224F8E65D007C7BF6 /* Release */,
			);
			defaultConfigurationIsVisible = 0;
			defaultConfigurationName = Release;
		};
/* End XCConfigurationList section */
	};
	rootObject = 9038DBD424F8E655007C7BF6 /* Project object */;
}
